Microsoft Visual Studio Solution File, Format Version 12.00
# Visual Studio Version 17
VisualStudioVersion = 17.5.2.0
MinimumVisualStudioVersion = 10.0.40219.1
Project("{FAE04EC0-301F-11D3-BF4B-00C04F79EFBC}") = "HelloStudentApp", "HelloStudentApp.csproj", "{39A7190C-48A7-E75D-FB5D-C17AC0090D5E}"
EndProject
Global
	GlobalSection(SolutionConfigurationPlatforms) = preSolution
		Debug|Any CPU = Debug|Any CPU
		Release|Any CPU = Release|Any CPU
	EndGlobalSection
	GlobalSection(ProjectConfigurationPlatforms) = postSolution
		{39A7190C-48A7-E75D-FB5D-C17AC0090D5E}.Debug|Any CPU.ActiveCfg = Debug|Any CPU
		{39A7190C-48A7-E75D-FB5D-C17AC0090D5E}.Debug|Any CPU.Build.0 = Debug|Any CPU
		{39A7190C-48A7-E75D-FB5D-C17AC0090D5E}.Release|Any CPU.ActiveCfg = Release|Any CPU
		{39A7190C-48A7-E75D-FB5D-C17AC0090D5E}.Release|Any CPU.Build.0 = Release|Any CPU
	EndGlobalSection
	GlobalSection(SolutionProperties) = preSolution
		HideSolutionNode = FALSE
	EndGlobalSection
	GlobalSection(ExtensibilityGlobals) = postSolution
		SolutionGuid = {37A584A2-7FA9-4E5B-A1F0-76E749771516}
	EndGlobalSection
EndGlobal
